
Microsoft Visual Studio Solution File, Format Version 12.00
# Visual Studio 15
VisualStudioVersion = 15.0.27004.2009
MinimumVisualStudioVersion = 10.0.40219.1
Project("{E24C65DC-7377-472B-9ABA-BC803B73C61A}") = "Blog(1)", ".", "{B1ADE197-D214-4721-A111-210F77C6756D}"
	ProjectSection(WebsiteProperties) = preProject
		TargetFrameworkMoniker = ".NETFramework,Version%3Dv4.0"
		Debug.AspNetCompiler.VirtualPath = "/localhost_60442"
		Debug.AspNetCompiler.PhysicalPath = "..\Blog\"
		Debug.AspNetCompiler.TargetPath = "PrecompiledWeb\localhost_60442\"
		Debug.AspNetCompiler.Updateable = "true"
		Debug.AspNetCompiler.ForceOverwrite = "true"
		Debug.AspNetCompiler.FixedNames = "false"
		Debug.AspNetCompiler.Debug = "True"
		Release.AspNetCompiler.VirtualPath = "/localhost_60442"
		Release.AspNetCompiler.PhysicalPath = "..\Blog\"
		Release.AspNetCompiler.TargetPath = "PrecompiledWeb\localhost_60442\"
		Release.AspNetCompiler.Updateable = "true"
		Release.AspNetCompiler.ForceOverwrite = "true"
		Release.AspNetCompiler.FixedNames = "false"
		Release.AspNetCompiler.Debug = "False"
		VWDPort = "60442"
		SlnRelativePath = "..\Blog\"
	EndProjectSection
EndProject
Global
	GlobalSection(SolutionConfigurationPlatforms) = preSolution
		Debug|Any CPU = Debug|Any CPU
	EndGlobalSection
	GlobalSection(ProjectConfigurationPlatforms) = postSolution
		{B1ADE197-D214-4721-A111-210F77C6756D}.Debug|Any CPU.ActiveCfg = Debug|Any CPU
		{B1ADE197-D214-4721-A111-210F77C6756D}.Debug|Any CPU.Build.0 = Debug|Any CPU
	EndGlobalSection
	GlobalSection(SolutionProperties) = preSolution
		HideSolutionNode = FALSE
	EndGlobalSection
	GlobalSection(ExtensibilityGlobals) = postSolution
		SolutionGuid = {AC703131-8BD8-455F-BBCE-EFCD50CF229B}
	EndGlobalSection
EndGlobal
